
Microsoft Visual Studio Solution File, Format Version 12.00
# Visual Studio 2013
VisualStudioVersion = 12.0.40629.0
MinimumVisualStudioVersion = 10.0.40219.1
Project("{FAE04EC0-301F-11D3-BF4B-00C04F79EFBC}") = "WMICTest", "WMICTest\WMICTest.csproj", "{AF0A193A-5C02-46B0-A0B2-A1D4E75D338E}"
EndProject
Global
	GlobalSection(SolutionConfigurationPlatforms) = preSolution
		Debug|Any CPU = Debug|Any CPU
		Release|Any CPU = Release|Any CPU
	EndGlobalSection
	GlobalSection(ProjectConfigurationPlatforms) = postSolution
		{AF0A193A-5C02-46B0-A0B2-A1D4E75D338E}.Debug|Any CPU.ActiveCfg = Debug|Any CPU
		{AF0A193A-5C02-46B0-A0B2-A1D4E75D338E}.Debug|Any CPU.Build.0 = Debug|Any CPU
		{AF0A193A-5C02-46B0-A0B2-A1D4E75D338E}.Release|Any CPU.ActiveCfg = Release|Any CPU
		{AF0A193A-5C02-46B0-A0B2-A1D4E75D338E}.Release|Any CPU.Build.0 = Release|Any CPU
	EndGlobalSection
	GlobalSection(SolutionProperties) = preSolution
		HideSolutionNode = FALSE
	EndGlobalSection
EndGlobal
